# This file is generated by running "yarn install" inside your project.
# Manual changes might be lost - proceed with caution!

__metadata:
  version: 8
  cacheKey: 10c0

"@toy-lc/core@workspace:libs/core":
  version: 0.0.0-use.local
  resolution: "@toy-lc/core@workspace:libs/core"
  dependencies:
    "@types/react": "npm:^18.3.3"
    "@types/react-dom": "npm:^18.3.0"
    typescript: "npm:^5.5.3"
  peerDependencies:
    react: ^18.3.1
    react-dom: ^18.3.1
  languageName: unknown
  linkType: soft

"@types/prop-types@npm:*":
  version: 15.7.12
  resolution: "@types/prop-types@npm:15.7.12"
  checksum: 10c0/1babcc7db6a1177779f8fde0ccc78d64d459906e6ef69a4ed4dd6339c920c2e05b074ee5a92120fe4e9d9f1a01c952f843ebd550bee2332fc2ef81d1706878f8
  languageName: node
  linkType: hard

"@types/react-dom@npm:^18.3.0":
  version: 18.3.0
  resolution: "@types/react-dom@npm:18.3.0"
  dependencies:
    "@types/react": "npm:*"
  checksum: 10c0/6c90d2ed72c5a0e440d2c75d99287e4b5df3e7b011838cdc03ae5cd518ab52164d86990e73246b9d812eaf02ec351d74e3b4f5bd325bf341e13bf980392fd53b
  languageName: node
  linkType: hard

"@types/react@npm:*, @types/react@npm:^18.3.3":
  version: 18.3.3
  resolution: "@types/react@npm:18.3.3"
  dependencies:
    "@types/prop-types": "npm:*"
    csstype: "npm:^3.0.2"
  checksum: 10c0/fe455f805c5da13b89964c3d68060cebd43e73ec15001a68b34634604a78140e6fc202f3f61679b9d809dde6d7a7c2cb3ed51e0fd1462557911db09879b55114
  languageName: node
  linkType: hard

"csstype@npm:^3.0.2":
  version: 3.1.3
  resolution: "csstype@npm:3.1.3"
  checksum: 10c0/80c089d6f7e0c5b2bd83cf0539ab41474198579584fa10d86d0cafe0642202343cbc119e076a0b1aece191989477081415d66c9fefbf3c957fc2fc4b7009f248
  languageName: node
  linkType: hard

"toy-lc@workspace:.":
  version: 0.0.0-use.local
  resolution: "toy-lc@workspace:."
  languageName: unknown
  linkType: soft

"typescript@npm:^5.5.3":
  version: 5.5.3
  resolution: "typescript@npm:5.5.3"
  bin:
    tsc: bin/tsc
    tsserver: bin/tsserver
  checksum: 10c0/f52c71ccbc7080b034b9d3b72051d563601a4815bf3e39ded188e6ce60813f75dbedf11ad15dd4d32a12996a9ed8c7155b46c93a9b9c9bad1049766fe614bbdd
  languageName: node
  linkType: hard

"typescript@patch:typescript@npm%3A^5.5.3#optional!builtin<compat/typescript>":
  version: 5.5.3
  resolution: "typescript@patch:typescript@npm%3A5.5.3#optional!builtin<compat/typescript>::version=5.5.3&hash=379a07"
  bin:
    tsc: bin/tsc
    tsserver: bin/tsserver
  checksum: 10c0/911c7811d61f57f07df79c4a35f56a0f426a65426a020e5fcd792f66559f399017205f5f10255329ab5a3d8c2d1f1d19530aeceffda70758a521fae1d469432e
  languageName: node
  linkType: hard
